
Microsoft Visual Studio Solution File, Format Version 12.00
# Visual Studio Version 17
VisualStudioVersion = 17.0.31912.275
MinimumVisualStudioVersion = 10.0.40219.1
Project("{FAE04EC0-301F-11D3-BF4B-00C04F79EFBC}") = "rocketcontent.TextSlider", "rocketcontent.TextSlider\rocketcontent.TextSlider\rocketcontent.TextSlider.csproj", "{FAF751CC-EABE-48DC-86D7-965E98D20473}"
EndProject
Global
	GlobalSection(SolutionConfigurationPlatforms) = preSolution
		Debug|Any CPU = Debug|Any CPU
		Release|Any CPU = Release|Any CPU
	EndGlobalSection
	GlobalSection(ProjectConfigurationPlatforms) = postSolution
		{FAF751CC-EABE-48DC-86D7-965E98D20473}.Debug|Any CPU.ActiveCfg = Debug|Any CPU
		{FAF751CC-EABE-48DC-86D7-965E98D20473}.Debug|Any CPU.Build.0 = Debug|Any CPU
		{FAF751CC-EABE-48DC-86D7-965E98D20473}.Release|Any CPU.ActiveCfg = Release|Any CPU
		{FAF751CC-EABE-48DC-86D7-965E98D20473}.Release|Any CPU.Build.0 = Release|Any CPU
	EndGlobalSection
	GlobalSection(SolutionProperties) = preSolution
		HideSolutionNode = FALSE
	EndGlobalSection
	GlobalSection(ExtensibilityGlobals) = postSolution
		SolutionGuid = {8EF2BC3D-C557-4CBE-9566-BC1A78BFCF68}
	EndGlobalSection
EndGlobal
